
Microsoft Visual Studio Solution File, Format Version 12.00
# Visual Studio Version 17
VisualStudioVersion = 17.8.34330.188
MinimumVisualStudioVersion = 10.0.40219.1
Project("{FAE04EC0-301F-11D3-BF4B-00C04F79EFBC}") = "TPC.TarefaUsuario.API", "TPC.TarefaUsuario.API.csproj", "{0DA82D2A-AE2E-4694-866E-BB9EC8AC32AA}"
EndProject
Project("{2150E333-8FDC-42A3-9474-1A3956D46DE8}") = "Test", "Test", "{A6ED1F74-F93A-4407-9136-775A94AA72D6}"
EndProject
Project("{FAE04EC0-301F-11D3-BF4B-00C04F79EFBC}") = "TestTarefaUsuario", "..\TestTarefaUsuario\TestTarefaUsuario.csproj", "{BCC80F03-6948-4430-BE4F-6C9264609289}"
EndProject
Global
	GlobalSection(SolutionConfigurationPlatforms) = preSolution
		Debug|Any CPU = Debug|Any CPU
		Release|Any CPU = Release|Any CPU
	EndGlobalSection
	GlobalSection(ProjectConfigurationPlatforms) = postSolution
		{0DA82D2A-AE2E-4694-866E-BB9EC8AC32AA}.Debug|Any CPU.ActiveCfg = Debug|Any CPU
		{0DA82D2A-AE2E-4694-866E-BB9EC8AC32AA}.Debug|Any CPU.Build.0 = Debug|Any CPU
		{0DA82D2A-AE2E-4694-866E-BB9EC8AC32AA}.Release|Any CPU.ActiveCfg = Release|Any CPU
		{0DA82D2A-AE2E-4694-866E-BB9EC8AC32AA}.Release|Any CPU.Build.0 = Release|Any CPU
		{BCC80F03-6948-4430-BE4F-6C9264609289}.Debug|Any CPU.ActiveCfg = Debug|Any CPU
		{BCC80F03-6948-4430-BE4F-6C9264609289}.Debug|Any CPU.Build.0 = Debug|Any CPU
		{BCC80F03-6948-4430-BE4F-6C9264609289}.Release|Any CPU.ActiveCfg = Release|Any CPU
		{BCC80F03-6948-4430-BE4F-6C9264609289}.Release|Any CPU.Build.0 = Release|Any CPU
	EndGlobalSection
	GlobalSection(SolutionProperties) = preSolution
		HideSolutionNode = FALSE
	EndGlobalSection
	GlobalSection(NestedProjects) = preSolution
		{BCC80F03-6948-4430-BE4F-6C9264609289} = {A6ED1F74-F93A-4407-9136-775A94AA72D6}
	EndGlobalSection
	GlobalSection(ExtensibilityGlobals) = postSolution
		SolutionGuid = {C184961E-41E3-401A-9593-35D19CD34828}
	EndGlobalSection
EndGlobal
